
Microsoft Visual Studio Solution File, Format Version 12.00
# Visual Studio 15
VisualStudioVersion = 15.0.27703.2000
MinimumVisualStudioVersion = 10.0.40219.1
Project("{8BC9CEB8-8B4A-11D0-8D11-00A0C91BC942}") = "Handmade_Raytracer", "Handmade_Raytracer\Handmade_Raytracer.vcxproj", "{393B041E-9C90-414A-B606-F5B8C96A892F}"
EndProject
Global
	GlobalSection(SolutionConfigurationPlatforms) = preSolution
		Debug|x64 = Debug|x64
		Debug|x86 = Debug|x86
		Release|x64 = Release|x64
		Release|x86 = Release|x86
	EndGlobalSection
	GlobalSection(ProjectConfigurationPlatforms) = postSolution
		{393B041E-9C90-414A-B606-F5B8C96A892F}.Debug|x64.ActiveCfg = Debug|x64
		{393B041E-9C90-414A-B606-F5B8C96A892F}.Debug|x64.Build.0 = Debug|x64
		{393B041E-9C90-414A-B606-F5B8C96A892F}.Debug|x86.ActiveCfg = Debug|Win32
		{393B041E-9C90-414A-B606-F5B8C96A892F}.Debug|x86.Build.0 = Debug|Win32
		{393B041E-9C90-414A-B606-F5B8C96A892F}.Release|x64.ActiveCfg = Release|x64
		{393B041E-9C90-414A-B606-F5B8C96A892F}.Release|x64.Build.0 = Release|x64
		{393B041E-9C90-414A-B606-F5B8C96A892F}.Release|x86.ActiveCfg = Release|Win32
		{393B041E-9C90-414A-B606-F5B8C96A892F}.Release|x86.Build.0 = Release|Win32
	EndGlobalSection
	GlobalSection(SolutionProperties) = preSolution
		HideSolutionNode = FALSE
	EndGlobalSection
	GlobalSection(ExtensibilityGlobals) = postSolution
		SolutionGuid = {2FF156CB-D06A-4CDD-83C8-5F02464E649D}
	EndGlobalSection
EndGlobal
